// !$*UTF8*$!
{
	archiveVersion = 1;
	classes = {
	};
	objectVersion = 46;
	objects = {

/* Begin PBXBuildFile section */
		5A487C6B1AF280FB0002908D /* Lilliput.h in Headers */ = {isa = PBXBuildFile; fileRef = 5A487C6A1AF280FB0002908D /* Lilliput.h */; settings = {ATTRIBUTES = (Public, ); }; };
		5A487C711AF280FB0002908D /* Lilliput.framework in Frameworks */ = {isa = PBXBuildFile; fileRef = 5A487C651AF280FB0002908D /* Lilliput.framework */; };
		5A487C781AF280FB0002908D /* Lilliput1ArgumentTests.swift in Sources */ = {isa = PBXBuildFile; fileRef = 5A487C771AF280FB0002908D /* Lilliput1ArgumentTests.swift */; };
		E02440651B08CCBC003D3952 /* BindingImplementationTests.swift in Sources */ = {isa = PBXBuildFile; fileRef = E02440641B08CCBC003D3952 /* BindingImplementationTests.swift */; };
		E04FE0081B068DA9003A6ED6 /* DefaultConstructible.swift in Sources */ = {isa = PBXBuildFile; fileRef = E04FE0071B068DA9003A6ED6 /* DefaultConstructible.swift */; };
		E04FE00B1B068E04003A6ED6 /* DefaultConstructibleExtensions.swift in Sources */ = {isa = PBXBuildFile; fileRef = E04FE0091B068DE1003A6ED6 /* DefaultConstructibleExtensions.swift */; };
		E0ABC5231B2B077100AAC029 /* NoArgument.swift in Sources */ = {isa = PBXBuildFile; fileRef = E0ABC5211B2B075000AAC029 /* NoArgument.swift */; };
		E0ABC5251B2B07A200AAC029 /* ArgumentBinder.swift in Sources */ = {isa = PBXBuildFile; fileRef = E0ABC5241B2B07A200AAC029 /* ArgumentBinder.swift */; };
		E0ABC5271B2B07E700AAC029 /* AnyArgument.swift in Sources */ = {isa = PBXBuildFile; fileRef = E0ABC5261B2B07E700AAC029 /* AnyArgument.swift */; };
		E0ABC5291B2B082700AAC029 /* Binding.swift in Sources */ = {isa = PBXBuildFile; fileRef = E0ABC5281B2B082700AAC029 /* Binding.swift */; };
		E0ABC52B1B2B08A100AAC029 /* MockWithBinding.swift in Sources */ = {isa = PBXBuildFile; fileRef = E0ABC52A1B2B08A100AAC029 /* MockWithBinding.swift */; };
		E0ABC52D1B2B08E300AAC029 /* MockFunction.swift in Sources */ = {isa = PBXBuildFile; fileRef = E0ABC52C1B2B08E300AAC029 /* MockFunction.swift */; };
		E0ABC52F1B2B094300AAC029 /* MockBuilder.swift in Sources */ = {isa = PBXBuildFile; fileRef = E0ABC52E1B2B094300AAC029 /* MockBuilder.swift */; };
		E0ACD8A01B06ED1700AAFD73 /* Lilliput.swift in Sources */ = {isa = PBXBuildFile; fileRef = E0ACD89F1B06ED1700AAFD73 /* Lilliput.swift */; };
		E0AF77921B07C4830000A80C /* Lilliput2ArgumentTests.swift in Sources */ = {isa = PBXBuildFile; fileRef = E0AF77911B07C4830000A80C /* Lilliput2ArgumentTests.swift */; };
/* End PBXBuildFile section */

/* Begin PBXContainerItemProxy section */
		5A487C721AF280FB0002908D /* PBXContainerItemProxy */ = {
			isa = PBXContainerItemProxy;
			containerPortal = 5A487C5C1AF280FB0002908D /* Project object */;
			proxyType = 1;
			remoteGlobalIDString = 5A487C641AF280FB0002908D;
			remoteInfo = Lilliput;
		};
/* End PBXContainerItemProxy section */

/* Begin PBXFileReference section */
		5A487C651AF280FB0002908D /* Lilliput.framework */ = {isa = PBXFileReference; explicitFileType = wrapper.framework; includeInIndex = 0; path = Lilliput.framework; sourceTree = BUILT_PRODUCTS_DIR; };
		5A487C691AF280FB0002908D /* Info.plist */ = {isa = PBXFileReference; lastKnownFileType = text.plist.xml; path = Info.plist; sourceTree = "<group>"; };
		5A487C6A1AF280FB0002908D /* Lilliput.h */ = {isa = PBXFileReference; lastKnownFileType = sourcecode.c.h; path = Lilliput.h; sourceTree = "<group>"; };
		5A487C701AF280FB0002908D /* LilliputTests.xctest */ = {isa = PBXFileReference; explicitFileType = wrapper.cfbundle; includeInIndex = 0; path = LilliputTests.xctest; sourceTree = BUILT_PRODUCTS_DIR; };
		5A487C761AF280FB0002908D /* Info.plist */ = {isa = PBXFileReference; lastKnownFileType = text.plist.xml; path = Info.plist; sourceTree = "<group>"; };
		5A487C771AF280FB0002908D /* Lilliput1ArgumentTests.swift */ = {isa = PBXFileReference; lastKnownFileType = sourcecode.swift; path = Lilliput1ArgumentTests.swift; sourceTree = "<group>"; };
		E02440641B08CCBC003D3952 /* BindingImplementationTests.swift */ = {isa = PBXFileReference; fileEncoding = 4; lastKnownFileType = sourcecode.swift; path = BindingImplementationTests.swift; sourceTree = "<group>"; };
		E04FE0071B068DA9003A6ED6 /* DefaultConstructible.swift */ = {isa = PBXFileReference; fileEncoding = 4; lastKnownFileType = sourcecode.swift; path = DefaultConstructible.swift; sourceTree = "<group>"; };
		E04FE0091B068DE1003A6ED6 /* DefaultConstructibleExtensions.swift */ = {isa = PBXFileReference; fileEncoding = 4; lastKnownFileType = sourcecode.swift; path = DefaultConstructibleExtensions.swift; sourceTree = "<group>"; };
		E0ABC5211B2B075000AAC029 /* NoArgument.swift */ = {isa = PBXFileReference; fileEncoding = 4; lastKnownFileType = sourcecode.swift; path = NoArgument.swift; sourceTree = "<group>"; };
		E0ABC5241B2B07A200AAC029 /* ArgumentBinder.swift */ = {isa = PBXFileReference; fileEncoding = 4; lastKnownFileType = sourcecode.swift; path = ArgumentBinder.swift; sourceTree = "<group>"; };
		E0ABC5261B2B07E700AAC029 /* AnyArgument.swift */ = {isa = PBXFileReference; fileEncoding = 4; lastKnownFileType = sourcecode.swift; path = AnyArgument.swift; sourceTree = "<group>"; };
		E0ABC5281B2B082700AAC029 /* Binding.swift */ = {isa = PBXFileReference; fileEncoding = 4; lastKnownFileType = sourcecode.swift; path = Binding.swift; sourceTree = "<group>"; };
		E0ABC52A1B2B08A100AAC029 /* MockWithBinding.swift */ = {isa = PBXFileReference; fileEncoding = 4; lastKnownFileType = sourcecode.swift; path = MockWithBinding.swift; sourceTree = "<group>"; };
		E0ABC52C1B2B08E300AAC029 /* MockFunction.swift */ = {isa = PBXFileReference; fileEncoding = 4; lastKnownFileType = sourcecode.swift; path = MockFunction.swift; sourceTree = "<group>"; };
		E0ABC52E1B2B094300AAC029 /* MockBuilder.swift */ = {isa = PBXFileReference; fileEncoding = 4; lastKnownFileType = sourcecode.swift; path = MockBuilder.swift; sourceTree = "<group>"; };
		E0ACD89F1B06ED1700AAFD73 /* Lilliput.swift */ = {isa = PBXFileReference; fileEncoding = 4; lastKnownFileType = sourcecode.swift; path = Lilliput.swift; sourceTree = "<group>"; };
		E0AF77911B07C4830000A80C /* Lilliput2ArgumentTests.swift */ = {isa = PBXFileReference; fileEncoding = 4; lastKnownFileType = sourcecode.swift; path = Lilliput2ArgumentTests.swift; sourceTree = "<group>"; };
/* End PBXFileReference section */

/* Begin PBXFrameworksBuildPhase section */
		5A487C611AF280FB0002908D /* Frameworks */ = {
			isa = PBXFrameworksBuildPhase;
			buildActionMask = 2147483647;
			files = (
			);
			runOnlyForDeploymentPostprocessing = 0;
		};
		5A487C6D1AF280FB0002908D /* Frameworks */ = {
			isa = PBXFrameworksBuildPhase;
			buildActionMask = 2147483647;
			files = (
				5A487C711AF280FB0002908D /* Lilliput.framework in Frameworks */,
			);
			runOnlyForDeploymentPostprocessing = 0;
		};
/* End PBXFrameworksBuildPhase section */

/* Begin PBXGroup section */
		5A487C5B1AF280FB0002908D = {
			isa = PBXGroup;
			children = (
				E0ABC52E1B2B094300AAC029 /* MockBuilder.swift */,
				5A487C671AF280FB0002908D /* Lilliput */,
				5A487C741AF280FB0002908D /* LilliputTests */,
				5A487C661AF280FB0002908D /* Products */,
			);
			sourceTree = "<group>";
		};
		5A487C661AF280FB0002908D /* Products */ = {
			isa = PBXGroup;
			children = (
				5A487C651AF280FB0002908D /* Lilliput.framework */,
				5A487C701AF280FB0002908D /* LilliputTests.xctest */,
			);
			name = Products;
			sourceTree = "<group>";
		};
		5A487C671AF280FB0002908D /* Lilliput */ = {
			isa = PBXGroup;
			children = (
				5A487C6A1AF280FB0002908D /* Lilliput.h */,
				E0ACD89F1B06ED1700AAFD73 /* Lilliput.swift */,
				E0ABC5261B2B07E700AAC029 /* AnyArgument.swift */,
				E0ABC5281B2B082700AAC029 /* Binding.swift */,
				E0ABC52A1B2B08A100AAC029 /* MockWithBinding.swift */,
				E0ABC52C1B2B08E300AAC029 /* MockFunction.swift */,
				E0ABC5241B2B07A200AAC029 /* ArgumentBinder.swift */,
				E04FE0071B068DA9003A6ED6 /* DefaultConstructible.swift */,
				E0ABC5211B2B075000AAC029 /* NoArgument.swift */,
				E04FE0091B068DE1003A6ED6 /* DefaultConstructibleExtensions.swift */,
				5A487C681AF280FB0002908D /* Supporting Files */,
			);
			path = Lilliput;
			sourceTree = "<group>";
		};
		5A487C681AF280FB0002908D /* Supporting Files */ = {
			isa = PBXGroup;
			children = (
				5A487C691AF280FB0002908D /* Info.plist */,
			);
			name = "Supporting Files";
			sourceTree = "<group>";
		};
		5A487C741AF280FB0002908D /* LilliputTests */ = {
			isa = PBXGroup;
			children = (
				5A487C771AF280FB0002908D /* Lilliput1ArgumentTests.swift */,
				E0AF77911B07C4830000A80C /* Lilliput2ArgumentTests.swift */,
				E02440641B08CCBC003D3952 /* BindingImplementationTests.swift */,
				5A487C751AF280FB0002908D /* Supporting Files */,
			);
			path = LilliputTests;
			sourceTree = "<group>";
		};
		5A487C751AF280FB0002908D /* Supporting Files */ = {
			isa = PBXGroup;
			children = (
				5A487C761AF280FB0002908D /* Info.plist */,
			);
			name = "Supporting Files";
			sourceTree = "<group>";
		};
/* End PBXGroup section */

/* Begin PBXHeadersBuildPhase section */
		5A487C621AF280FB0002908D /* Headers */ = {
			isa = PBXHeadersBuildPhase;
			buildActionMask = 2147483647;
			files = (
				5A487C6B1AF280FB0002908D /* Lilliput.h in Headers */,
			);
			runOnlyForDeploymentPostprocessing = 0;
		};
/* End PBXHeadersBuildPhase section */

/* Begin PBXNativeTarget section */
		5A487C641AF280FB0002908D /* Lilliput */ = {
			isa = PBXNativeTarget;
			buildConfigurationList = 5A487C7B1AF280FB0002908D /* Build configuration list for PBXNativeTarget "Lilliput" */;
			buildPhases = (
				5A487C601AF280FB0002908D /* Sources */,
				5A487C611AF280FB0002908D /* Frameworks */,
				5A487C621AF280FB0002908D /* Headers */,
				5A487C631AF280FB0002908D /* Resources */,
			);
			buildRules = (
			);
			dependencies = (
			);
			name = Lilliput;
			productName = Lilliput;
			productReference = 5A487C651AF280FB0002908D /* Lilliput.framework */;
			productType = "com.apple.product-type.framework";
		};
		5A487C6F1AF280FB0002908D /* LilliputTests */ = {
			isa = PBXNativeTarget;
			buildConfigurationList = 5A487C7E1AF280FB0002908D /* Build configuration list for PBXNativeTarget "LilliputTests" */;
			buildPhases = (
				5A487C6C1AF280FB0002908D /* Sources */,
				5A487C6D1AF280FB0002908D /* Frameworks */,
				5A487C6E1AF280FB0002908D /* Resources */,
			);
			buildRules = (
			);
			dependencies = (
				5A487C731AF280FB0002908D /* PBXTargetDependency */,
			);
			name = LilliputTests;
			productName = LilliputTests;
			productReference = 5A487C701AF280FB0002908D /* LilliputTests.xctest */;
			productType = "com.apple.product-type.bundle.unit-test";
		};
/* End PBXNativeTarget section */

/* Begin PBXProject section */
		5A487C5C1AF280FB0002908D /* Project object */ = {
			isa = PBXProject;
			attributes = {
				LastSwiftUpdateCheck = 0700;
				LastUpgradeCheck = 0700;
				ORGANIZATIONNAME = Asynchrony;
				TargetAttributes = {
					5A487C641AF280FB0002908D = {
						CreatedOnToolsVersion = 6.3.1;
					};
					5A487C6F1AF280FB0002908D = {
						CreatedOnToolsVersion = 6.3.1;
					};
				};
			};
			buildConfigurationList = 5A487C5F1AF280FB0002908D /* Build configuration list for PBXProject "Lilliput" */;
			compatibilityVersion = "Xcode 3.2";
			developmentRegion = English;
			hasScannedForEncodings = 0;
			knownRegions = (
				en,
			);
			mainGroup = 5A487C5B1AF280FB0002908D;
			productRefGroup = 5A487C661AF280FB0002908D /* Products */;
			projectDirPath = "";
			projectRoot = "";
			targets = (
				5A487C641AF280FB0002908D /* Lilliput */,
				5A487C6F1AF280FB0002908D /* LilliputTests */,
			);
		};
/* End PBXProject section */

/* Begin PBXResourcesBuildPhase section */
		5A487C631AF280FB0002908D /* Resources */ = {
			isa = PBXResourcesBuildPhase;
			buildActionMask = 2147483647;
			files = (
			);
			runOnlyForDeploymentPostprocessing = 0;
		};
		5A487C6E1AF280FB0002908D /* Resources */ = {
			isa = PBXResourcesBuildPhase;
			buildActionMask = 2147483647;
			files = (
			);
			runOnlyForDeploymentPostprocessing = 0;
		};
/* End PBXResourcesBuildPhase section */

/* Begin PBXSourcesBuildPhase section */
		5A487C601AF280FB0002908D /* Sources */ = {
			isa = PBXSourcesBuildPhase;
			buildActionMask = 2147483647;
			files = (
			);
			runOnlyForDeploymentPostprocessing = 0;
		};
		5A487C6C1AF280FB0002908D /* Sources */ = {
			isa = PBXSourcesBuildPhase;
			buildActionMask = 2147483647;
			files = (
				E0ABC5271B2B07E700AAC029 /* AnyArgument.swift in Sources */,
				E0ABC52F1B2B094300AAC029 /* MockBuilder.swift in Sources */,
				E0ABC52B1B2B08A100AAC029 /* MockWithBinding.swift in Sources */,
				E0ABC5231B2B077100AAC029 /* NoArgument.swift in Sources */,
				E02440651B08CCBC003D3952 /* BindingImplementationTests.swift in Sources */,
				E04FE00B1B068E04003A6ED6 /* DefaultConstructibleExtensions.swift in Sources */,
				E0AF77921B07C4830000A80C /* Lilliput2ArgumentTests.swift in Sources */,
				E0ACD8A01B06ED1700AAFD73 /* Lilliput.swift in Sources */,
				5A487C781AF280FB0002908D /* Lilliput1ArgumentTests.swift in Sources */,
				E0ABC5251B2B07A200AAC029 /* ArgumentBinder.swift in Sources */,
				E0ABC52D1B2B08E300AAC029 /* MockFunction.swift in Sources */,
				E04FE0081B068DA9003A6ED6 /* DefaultConstructible.swift in Sources */,
				E0ABC5291B2B082700AAC029 /* Binding.swift in Sources */,
			);
			runOnlyForDeploymentPostprocessing = 0;
		};
/* End PBXSourcesBuildPhase section */

/* Begin PBXTargetDependency section */
		5A487C731AF280FB0002908D /* PBXTargetDependency */ = {
			isa = PBXTargetDependency;
			target = 5A487C641AF280FB0002908D /* Lilliput */;
			targetProxy = 5A487C721AF280FB0002908D /* PBXContainerItemProxy */;
		};
/* End PBXTargetDependency section */

/* Begin XCBuildConfiguration section */
		5A487C791AF280FB0002908D /* Debug */ = {
			isa = XCBuildConfiguration;
			buildSettings = {
				ALWAYS_SEARCH_USER_PATHS = NO;
				CLANG_CXX_LANGUAGE_STANDARD = "gnu++0x";
				CLANG_CXX_LIBRARY = "libc++";
				CLANG_ENABLE_MODULES = YES;
				CLANG_ENABLE_OBJC_ARC = YES;
				CLANG_WARN_BOOL_CONVERSION = YES;
				CLANG_WARN_CONSTANT_CONVERSION = YES;
				CLANG_WARN_DIRECT_OBJC_ISA_USAGE = YES_ERROR;
				CLANG_WARN_EMPTY_BODY = YES;
				CLANG_WARN_ENUM_CONVERSION = YES;
				CLANG_WARN_INT_CONVERSION = YES;
				CLANG_WARN_OBJC_ROOT_CLASS = YES_ERROR;
				CLANG_WARN_UNREACHABLE_CODE = YES;
				CLANG_WARN__DUPLICATE_METHOD_MATCH = YES;
				COPY_PHASE_STRIP = NO;
				CURRENT_PROJECT_VERSION = 1;
				DEBUG_INFORMATION_FORMAT = dwarf;
				ENABLE_STRICT_OBJC_MSGSEND = YES;
				ENABLE_TESTABILITY = YES;
				GCC_C_LANGUAGE_STANDARD = gnu99;
				GCC_DYNAMIC_NO_PIC = NO;
				GCC_NO_COMMON_BLOCKS = YES;
				GCC_OPTIMIZATION_LEVEL = 0;
				GCC_PREPROCESSOR_DEFINITIONS = (
					"DEBUG=1",
					"$(inherited)",
				);
				GCC_SYMBOLS_PRIVATE_EXTERN = NO;
				GCC_WARN_64_TO_32_BIT_CONVERSION = YES;
				GCC_WARN_ABOUT_RETURN_TYPE = YES_ERROR;
				GCC_WARN_UNDECLARED_SELECTOR = YES;
				GCC_WARN_UNINITIALIZED_AUTOS = YES_AGGRESSIVE;
				GCC_WARN_UNUSED_FUNCTION = YES;
				GCC_WARN_UNUSED_VARIABLE = YES;
				MACOSX_DEPLOYMENT_TARGET = 10.10;
				MTL_ENABLE_DEBUG_INFO = YES;
				ONLY_ACTIVE_ARCH = YES;
				SDKROOT = macosx;
				SWIFT_OPTIMIZATION_LEVEL = "-Onone";
				VERSIONING_SYSTEM = "apple-generic";
				VERSION_INFO_PREFIX = "";
			};
			name = Debug;
		};
		5A487C7A1AF280FB0002908D /* Release */ = {
			isa = XCBuildConfiguration;
			buildSettings = {
				ALWAYS_SEARCH_USER_PATHS = NO;
				CLANG_CXX_LANGUAGE_STANDARD = "gnu++0x";
				CLANG_CXX_LIBRARY = "libc++";
				CLANG_ENABLE_MODULES = YES;
				CLANG_ENABLE_OBJC_ARC = YES;
				CLANG_WARN_BOOL_CONVERSION = YES;
				CLANG_WARN_CONSTANT_CONVERSION = YES;
				CLANG_WARN_DIRECT_OBJC_ISA_USAGE = YES_ERROR;
				CLANG_WARN_EMPTY_BODY = YES;
				CLANG_WARN_ENUM_CONVERSION = YES;
				CLANG_WARN_INT_CONVERSION = YES;
				CLANG_WARN_OBJC_ROOT_CLASS = YES_ERROR;
				CLANG_WARN_UNREACHABLE_CODE = YES;
				CLANG_WARN__DUPLICATE_METHOD_MATCH = YES;
				COPY_PHASE_STRIP = NO;
				CURRENT_PROJECT_VERSION = 1;
				DEBUG_INFORMATION_FORMAT = "dwarf-with-dsym";
				ENABLE_NS_ASSERTIONS = NO;
				ENABLE_STRICT_OBJC_MSGSEND = YES;
				GCC_C_LANGUAGE_STANDARD = gnu99;
				GCC_NO_COMMON_BLOCKS = YES;
				GCC_WARN_64_TO_32_BIT_CONVERSION = YES;
				GCC_WARN_ABOUT_RETURN_TYPE = YES_ERROR;
				GCC_WARN_UNDECLARED_SELECTOR = YES;
				GCC_WARN_UNINITIALIZED_AUTOS = YES_AGGRESSIVE;
				GCC_WARN_UNUSED_FUNCTION = YES;
				GCC_WARN_UNUSED_VARIABLE = YES;
				MACOSX_DEPLOYMENT_TARGET = 10.10;
				MTL_ENABLE_DEBUG_INFO = NO;
				SDKROOT = macosx;
				VERSIONING_SYSTEM = "apple-generic";
				VERSION_INFO_PREFIX = "";
			};
			name = Release;
		};
		5A487C7C1AF280FB0002908D /* Debug */ = {
			isa = XCBuildConfiguration;
			buildSettings = {
				CLANG_ENABLE_MODULES = YES;
				COMBINE_HIDPI_IMAGES = YES;
				DEFINES_MODULE = YES;
				DYLIB_COMPATIBILITY_VERSION = 1;
				DYLIB_CURRENT_VERSION = 1;
				DYLIB_INSTALL_NAME_BASE = "@rpath";
				FRAMEWORK_VERSION = A;
				INFOPLIST_FILE = Lilliput/Info.plist;
				INSTALL_PATH = "$(LOCAL_LIBRARY_DIR)/Frameworks";
				LD_RUNPATH_SEARCH_PATHS = "$(inherited) @executable_path/../Frameworks @loader_path/Frameworks";
				PRODUCT_BUNDLE_IDENTIFIER = "com.asynchrony.$(PRODUCT_NAME:rfc1034identifier)";
				PRODUCT_NAME = "$(TARGET_NAME)";
				SKIP_INSTALL = YES;
				SWIFT_OPTIMIZATION_LEVEL = "-Onone";
			};
			name = Debug;
		};
		5A487C7D1AF280FB0002908D /* Release */ = {
			isa = XCBuildConfiguration;
			buildSettings = {
				CLANG_ENABLE_MODULES = YES;
				COMBINE_HIDPI_IMAGES = YES;
				DEFINES_MODULE = YES;
				DYLIB_COMPATIBILITY_VERSION = 1;
				DYLIB_CURRENT_VERSION = 1;
				DYLIB_INSTALL_NAME_BASE = "@rpath";
				FRAMEWORK_VERSION = A;
				INFOPLIST_FILE = Lilliput/Info.plist;
				INSTALL_PATH = "$(LOCAL_LIBRARY_DIR)/Frameworks";
				LD_RUNPATH_SEARCH_PATHS = "$(inherited) @executable_path/../Frameworks @loader_path/Frameworks";
				PRODUCT_BUNDLE_IDENTIFIER = "com.asynchrony.$(PRODUCT_NAME:rfc1034identifier)";
				PRODUCT_NAME = "$(TARGET_NAME)";
				SKIP_INSTALL = YES;
			};
			name = Release;
		};
		5A487C7F1AF280FB0002908D /* Debug */ = {
			isa = XCBuildConfiguration;
			buildSettings = {
				COMBINE_HIDPI_IMAGES = YES;
				FRAMEWORK_SEARCH_PATHS = (
					"$(DEVELOPER_FRAMEWORKS_DIR)",
					"$(inherited)",
				);
				GCC_PREPROCESSOR_DEFINITIONS = (
					"DEBUG=1",
					"$(inherited)",
				);
				INFOPLIST_FILE = LilliputTests/Info.plist;
				LD_RUNPATH_SEARCH_PATHS = "$(inherited) @executable_path/../Frameworks @loader_path/../Frameworks";
				PRODUCT_BUNDLE_IDENTIFIER = "com.asynchrony.$(PRODUCT_NAME:rfc1034identifier)";
				PRODUCT_NAME = "$(TARGET_NAME)";
			};
			name = Debug;
		};
		5A487C801AF280FB0002908D /* Release */ = {
			isa = XCBuildConfiguration;
			buildSettings = {
				COMBINE_HIDPI_IMAGES = YES;
				FRAMEWORK_SEARCH_PATHS = (
					"$(DEVELOPER_FRAMEWORKS_DIR)",
					"$(inherited)",
				);
				INFOPLIST_FILE = LilliputTests/Info.plist;
				LD_RUNPATH_SEARCH_PATHS = "$(inherited) @executable_path/../Frameworks @loader_path/../Frameworks";
				PRODUCT_BUNDLE_IDENTIFIER = "com.asynchrony.$(PRODUCT_NAME:rfc1034identifier)";
				PRODUCT_NAME = "$(TARGET_NAME)";
			};
			name = Release;
		};
/* End XCBuildConfiguration section */

/* Begin XCConfigurationList section */
		5A487C5F1AF280FB0002908D /* Build configuration list for PBXProject "Lilliput" */ = {
			isa = XCConfigurationList;
			buildConfigurations = (
				5A487C791AF280FB0002908D /* Debug */,
				5A487C7A1AF280FB0002908D /* Release */,
			);
			defaultConfigurationIsVisible = 0;
			defaultConfigurationName = Release;
		};
		5A487C7B1AF280FB0002908D /* Build configuration list for PBXNativeTarget "Lilliput" */ = {
			isa = XCConfigurationList;
			buildConfigurations = (
				5A487C7C1AF280FB0002908D /* Debug */,
				5A487C7D1AF280FB0002908D /* Release */,
			);
			defaultConfigurationIsVisible = 0;
			defaultConfigurationName = Release;
		};
		5A487C7E1AF280FB0002908D /* Build configuration list for PBXNativeTarget "LilliputTests" */ = {
			isa = XCConfigurationList;
			buildConfigurations = (
				5A487C7F1AF280FB0002908D /* Debug */,
				5A487C801AF280FB0002908D /* Release */,
			);
			defaultConfigurationIsVisible = 0;
			defaultConfigurationName = Release;
		};
/* End XCConfigurationList section */
	};
	rootObject = 5A487C5C1AF280FB0002908D /* Project object */;
}
